
Microsoft Visual Studio Solution File, Format Version 12.00
# Visual Studio Version 17
VisualStudioVersion = 17.3.32929.385
MinimumVisualStudioVersion = 10.0.40219.1
Project("{FAE04EC0-301F-11D3-BF4B-00C04F79EFBC}") = "grade_CALCULATOR_FINAL", "grade_CALCULATOR_FINAL\grade_CALCULATOR_FINAL.csproj", "{A894BA5E-2BE9-4EBE-ABA1-2252A3918FC7}"
EndProject
Global
	GlobalSection(SolutionConfigurationPlatforms) = preSolution
		Debug|Any CPU = Debug|Any CPU
		Release|Any CPU = Release|Any CPU
	EndGlobalSection
	GlobalSection(ProjectConfigurationPlatforms) = postSolution
		{A894BA5E-2BE9-4EBE-ABA1-2252A3918FC7}.Debug|Any CPU.ActiveCfg = Debug|Any CPU
		{A894BA5E-2BE9-4EBE-ABA1-2252A3918FC7}.Debug|Any CPU.Build.0 = Debug|Any CPU
		{A894BA5E-2BE9-4EBE-ABA1-2252A3918FC7}.Release|Any CPU.ActiveCfg = Release|Any CPU
		{A894BA5E-2BE9-4EBE-ABA1-2252A3918FC7}.Release|Any CPU.Build.0 = Release|Any CPU
	EndGlobalSection
	GlobalSection(SolutionProperties) = preSolution
		HideSolutionNode = FALSE
	EndGlobalSection
	GlobalSection(ExtensibilityGlobals) = postSolution
		SolutionGuid = {29109585-991A-4B50-82C9-B2D21646E7D4}
	EndGlobalSection
EndGlobal
